
Microsoft Visual Studio Solution File, Format Version 12.00
# Visual Studio 15
VisualStudioVersion = 15.0.28010.2026
MinimumVisualStudioVersion = 10.0.40219.1
Project("{FAE04EC0-301F-11D3-BF4B-00C04F79EFBC}") = "BLETest", "BLETest\BLETest.csproj", "{B0592BDC-8911-45DC-962C-7398EA6F79CB}"
EndProject
Global
	GlobalSection(SolutionConfigurationPlatforms) = preSolution
		Debug|Any CPU = Debug|Any CPU
		Release|Any CPU = Release|Any CPU
	EndGlobalSection
	GlobalSection(ProjectConfigurationPlatforms) = postSolution
		{B0592BDC-8911-45DC-962C-7398EA6F79CB}.Debug|Any CPU.ActiveCfg = Debug|Any CPU
		{B0592BDC-8911-45DC-962C-7398EA6F79CB}.Debug|Any CPU.Build.0 = Debug|Any CPU
		{B0592BDC-8911-45DC-962C-7398EA6F79CB}.Release|Any CPU.ActiveCfg = Release|Any CPU
		{B0592BDC-8911-45DC-962C-7398EA6F79CB}.Release|Any CPU.Build.0 = Release|Any CPU
	EndGlobalSection
	GlobalSection(SolutionProperties) = preSolution
		HideSolutionNode = FALSE
	EndGlobalSection
	GlobalSection(ExtensibilityGlobals) = postSolution
		SolutionGuid = {68B022C4-A2D1-461A-B8A4-B8C8DB02889E}
	EndGlobalSection
EndGlobal
